
Microsoft Visual Studio Solution File, Format Version 12.00
# Visual Studio Version 16
VisualStudioVersion = 16.0.31911.196
MinimumVisualStudioVersion = 10.0.40219.1
Project("{8BC9CEB8-8B4A-11D0-8D11-00A0C91BC942}") = "test_4_10", "test_4_10\test_4_10.vcxproj", "{BA86630F-DC85-4806-BB0C-F63834A4CD07}"
EndProject
Global
	GlobalSection(SolutionConfigurationPlatforms) = preSolution
		Debug|x64 = Debug|x64
		Debug|x86 = Debug|x86
		Release|x64 = Release|x64
		Release|x86 = Release|x86
	EndGlobalSection
	GlobalSection(ProjectConfigurationPlatforms) = postSolution
		{BA86630F-DC85-4806-BB0C-F63834A4CD07}.Debug|x64.ActiveCfg = Debug|x64
		{BA86630F-DC85-4806-BB0C-F63834A4CD07}.Debug|x64.Build.0 = Debug|x64
		{BA86630F-DC85-4806-BB0C-F63834A4CD07}.Debug|x86.ActiveCfg = Debug|Win32
		{BA86630F-DC85-4806-BB0C-F63834A4CD07}.Debug|x86.Build.0 = Debug|Win32
		{BA86630F-DC85-4806-BB0C-F63834A4CD07}.Release|x64.ActiveCfg = Release|x64
		{BA86630F-DC85-4806-BB0C-F63834A4CD07}.Release|x64.Build.0 = Release|x64
		{BA86630F-DC85-4806-BB0C-F63834A4CD07}.Release|x86.ActiveCfg = Release|Win32
		{BA86630F-DC85-4806-BB0C-F63834A4CD07}.Release|x86.Build.0 = Release|Win32
	EndGlobalSection
	GlobalSection(SolutionProperties) = preSolution
		HideSolutionNode = FALSE
	EndGlobalSection
	GlobalSection(ExtensibilityGlobals) = postSolution
		SolutionGuid = {4AFC3D53-026B-46C7-9498-3899CA8B93A7}
	EndGlobalSection
EndGlobal
